
Microsoft Visual Studio Solution File, Format Version 11.00
# Visual Studio 2010
Project("{FAE04EC0-301F-11D3-BF4B-00C04F79EFBC}") = "Downstream", "Downstream\Downstream.csproj", "{E68A4E8C-98E9-4ABC-8729-B2CE7C9D535B}"
EndProject
Project("{FAE04EC0-301F-11D3-BF4B-00C04F79EFBC}") = "DownstreamDashboard", "DownstreamDashboard\DownstreamDashboard.csproj", "{D02D0B0B-1C75-49B3-B65D-847518F41E43}"
EndProject
Project("{2CFEAB61-6A3B-4EB8-B523-560B4BEEF521}") = "DownstreamDashboard.csproj_deploy", "DownstreamDashboard.csproj_deploy\DownstreamDashboard.csproj_deploy.wdproj", "{084E98EF-E0F8-4CD3-B0A5-C577596BB9AD}"
EndProject
Project("{FAE04EC0-301F-11D3-BF4B-00C04F79EFBC}") = "DownstreamExtractor", "DownstreamExtractor\DownstreamExtractor.csproj", "{49207985-FD75-4737-9A8F-BDF82E0FA763}"
EndProject
Project("{FAE04EC0-301F-11D3-BF4B-00C04F79EFBC}") = "DownstreamOrchestrator", "DownstreamOrchestrator\DownstreamOrchestrator.csproj", "{76D65A94-7889-4BFE-8864-57BB240670D5}"
EndProject
Global
	GlobalSection(SolutionConfigurationPlatforms) = preSolution
		Debug|Any CPU = Debug|Any CPU
		Debug|Mixed Platforms = Debug|Mixed Platforms
		Debug|x64 = Debug|x64
		Debug|x86 = Debug|x86
		Release|Any CPU = Release|Any CPU
		Release|Mixed Platforms = Release|Mixed Platforms
		Release|x64 = Release|x64
		Release|x86 = Release|x86
	EndGlobalSection
	GlobalSection(ProjectConfigurationPlatforms) = postSolution
		{E68A4E8C-98E9-4ABC-8729-B2CE7C9D535B}.Debug|Any CPU.ActiveCfg = Debug|x86
		{E68A4E8C-98E9-4ABC-8729-B2CE7C9D535B}.Debug|Any CPU.Build.0 = Debug|x86
		{E68A4E8C-98E9-4ABC-8729-B2CE7C9D535B}.Debug|Mixed Platforms.ActiveCfg = Debug|x86
		{E68A4E8C-98E9-4ABC-8729-B2CE7C9D535B}.Debug|Mixed Platforms.Build.0 = Debug|x86
		{E68A4E8C-98E9-4ABC-8729-B2CE7C9D535B}.Debug|x64.ActiveCfg = Debug|x64
		{E68A4E8C-98E9-4ABC-8729-B2CE7C9D535B}.Debug|x64.Build.0 = Debug|x64
		{E68A4E8C-98E9-4ABC-8729-B2CE7C9D535B}.Debug|x86.ActiveCfg = Debug|x86
		{E68A4E8C-98E9-4ABC-8729-B2CE7C9D535B}.Debug|x86.Build.0 = Debug|x86
		{E68A4E8C-98E9-4ABC-8729-B2CE7C9D535B}.Release|Any CPU.ActiveCfg = Release|x86
		{E68A4E8C-98E9-4ABC-8729-B2CE7C9D535B}.Release|Any CPU.Build.0 = Release|x86
		{E68A4E8C-98E9-4ABC-8729-B2CE7C9D535B}.Release|Mixed Platforms.ActiveCfg = Release|x86
		{E68A4E8C-98E9-4ABC-8729-B2CE7C9D535B}.Release|Mixed Platforms.Build.0 = Release|x86
		{E68A4E8C-98E9-4ABC-8729-B2CE7C9D535B}.Release|x64.ActiveCfg = Release|x64
		{E68A4E8C-98E9-4ABC-8729-B2CE7C9D535B}.Release|x64.Build.0 = Release|x64
		{E68A4E8C-98E9-4ABC-8729-B2CE7C9D535B}.Release|x86.ActiveCfg = Release|x86
		{E68A4E8C-98E9-4ABC-8729-B2CE7C9D535B}.Release|x86.Build.0 = Release|x86
		{EE51DFC7-65C4-40EA-B57F-E32C52BC9F00}.Debug|Any CPU.ActiveCfg = Debug|Any CPU
		{EE51DFC7-65C4-40EA-B57F-E32C52BC9F00}.Debug|Any CPU.Build.0 = Debug|Any CPU
		{EE51DFC7-65C4-40EA-B57F-E32C52BC9F00}.Debug|Mixed Platforms.ActiveCfg = Debug|Any CPU
		{EE51DFC7-65C4-40EA-B57F-E32C52BC9F00}.Debug|Mixed Platforms.Build.0 = Debug|Any CPU
		{EE51DFC7-65C4-40EA-B57F-E32C52BC9F00}.Debug|x64.ActiveCfg = Debug|Any CPU
		{EE51DFC7-65C4-40EA-B57F-E32C52BC9F00}.Debug|x86.ActiveCfg = Debug|Any CPU
		{EE51DFC7-65C4-40EA-B57F-E32C52BC9F00}.Release|Any CPU.ActiveCfg = Release|Any CPU
		{EE51DFC7-65C4-40EA-B57F-E32C52BC9F00}.Release|Any CPU.Build.0 = Release|Any CPU
		{EE51DFC7-65C4-40EA-B57F-E32C52BC9F00}.Release|Mixed Platforms.ActiveCfg = Release|Any CPU
		{EE51DFC7-65C4-40EA-B57F-E32C52BC9F00}.Release|Mixed Platforms.Build.0 = Release|Any CPU
		{EE51DFC7-65C4-40EA-B57F-E32C52BC9F00}.Release|x64.ActiveCfg = Release|Any CPU
		{EE51DFC7-65C4-40EA-B57F-E32C52BC9F00}.Release|x64.Build.0 = Release|Any CPU
		{EE51DFC7-65C4-40EA-B57F-E32C52BC9F00}.Release|x86.ActiveCfg = Release|Any CPU
		{D02D0B0B-1C75-49B3-B65D-847518F41E43}.Debug|Any CPU.ActiveCfg = Debug|Any CPU
		{D02D0B0B-1C75-49B3-B65D-847518F41E43}.Debug|Any CPU.Build.0 = Debug|Any CPU
		{D02D0B0B-1C75-49B3-B65D-847518F41E43}.Debug|Mixed Platforms.ActiveCfg = Debug|Any CPU
		{D02D0B0B-1C75-49B3-B65D-847518F41E43}.Debug|Mixed Platforms.Build.0 = Debug|Any CPU
		{D02D0B0B-1C75-49B3-B65D-847518F41E43}.Debug|x64.ActiveCfg = Debug|Any CPU
		{D02D0B0B-1C75-49B3-B65D-847518F41E43}.Debug|x86.ActiveCfg = Debug|Any CPU
		{D02D0B0B-1C75-49B3-B65D-847518F41E43}.Release|Any CPU.ActiveCfg = Release|Any CPU
		{D02D0B0B-1C75-49B3-B65D-847518F41E43}.Release|Any CPU.Build.0 = Release|Any CPU
		{D02D0B0B-1C75-49B3-B65D-847518F41E43}.Release|Mixed Platforms.ActiveCfg = Release|Any CPU
		{D02D0B0B-1C75-49B3-B65D-847518F41E43}.Release|Mixed Platforms.Build.0 = Release|Any CPU
		{D02D0B0B-1C75-49B3-B65D-847518F41E43}.Release|x64.ActiveCfg = Release|Any CPU
		{D02D0B0B-1C75-49B3-B65D-847518F41E43}.Release|x64.Build.0 = Release|Any CPU
		{D02D0B0B-1C75-49B3-B65D-847518F41E43}.Release|x86.ActiveCfg = Release|Any CPU
		{F5CA68CD-B9B5-4350-BFF9-AFE0C27AD176}.Debug|Any CPU.ActiveCfg = Debug|x86
		{F5CA68CD-B9B5-4350-BFF9-AFE0C27AD176}.Debug|Mixed Platforms.ActiveCfg = Debug|x86
		{F5CA68CD-B9B5-4350-BFF9-AFE0C27AD176}.Debug|Mixed Platforms.Build.0 = Debug|x86
		{F5CA68CD-B9B5-4350-BFF9-AFE0C27AD176}.Debug|x64.ActiveCfg = Debug|x86
		{F5CA68CD-B9B5-4350-BFF9-AFE0C27AD176}.Debug|x86.ActiveCfg = Debug|x86
		{F5CA68CD-B9B5-4350-BFF9-AFE0C27AD176}.Debug|x86.Build.0 = Debug|x86
		{F5CA68CD-B9B5-4350-BFF9-AFE0C27AD176}.Release|Any CPU.ActiveCfg = Release|x86
		{F5CA68CD-B9B5-4350-BFF9-AFE0C27AD176}.Release|Mixed Platforms.ActiveCfg = Release|x86
		{F5CA68CD-B9B5-4350-BFF9-AFE0C27AD176}.Release|Mixed Platforms.Build.0 = Release|x86
		{F5CA68CD-B9B5-4350-BFF9-AFE0C27AD176}.Release|x64.ActiveCfg = Release|x86
		{F5CA68CD-B9B5-4350-BFF9-AFE0C27AD176}.Release|x86.ActiveCfg = Release|x86
		{F5CA68CD-B9B5-4350-BFF9-AFE0C27AD176}.Release|x86.Build.0 = Release|x86
		{084E98EF-E0F8-4CD3-B0A5-C577596BB9AD}.Debug|Any CPU.ActiveCfg = Debug|Any CPU
		{084E98EF-E0F8-4CD3-B0A5-C577596BB9AD}.Debug|Mixed Platforms.ActiveCfg = Debug|Any CPU
		{084E98EF-E0F8-4CD3-B0A5-C577596BB9AD}.Debug|x64.ActiveCfg = Debug|Any CPU
		{084E98EF-E0F8-4CD3-B0A5-C577596BB9AD}.Debug|x86.ActiveCfg = Debug|Any CPU
		{084E98EF-E0F8-4CD3-B0A5-C577596BB9AD}.Release|Any CPU.ActiveCfg = Release|Any CPU
		{084E98EF-E0F8-4CD3-B0A5-C577596BB9AD}.Release|Mixed Platforms.ActiveCfg = Release|Any CPU
		{084E98EF-E0F8-4CD3-B0A5-C577596BB9AD}.Release|x64.ActiveCfg = Release|Any CPU
		{084E98EF-E0F8-4CD3-B0A5-C577596BB9AD}.Release|x64.Build.0 = Release|Any CPU
		{084E98EF-E0F8-4CD3-B0A5-C577596BB9AD}.Release|x86.ActiveCfg = Release|Any CPU
		{49207985-FD75-4737-9A8F-BDF82E0FA763}.Debug|Any CPU.ActiveCfg = Debug|Any CPU
		{49207985-FD75-4737-9A8F-BDF82E0FA763}.Debug|Any CPU.Build.0 = Debug|Any CPU
		{49207985-FD75-4737-9A8F-BDF82E0FA763}.Debug|Mixed Platforms.ActiveCfg = Debug|Any CPU
		{49207985-FD75-4737-9A8F-BDF82E0FA763}.Debug|Mixed Platforms.Build.0 = Debug|Any CPU
		{49207985-FD75-4737-9A8F-BDF82E0FA763}.Debug|x64.ActiveCfg = Debug|Any CPU
		{49207985-FD75-4737-9A8F-BDF82E0FA763}.Debug|x86.ActiveCfg = Debug|Any CPU
		{49207985-FD75-4737-9A8F-BDF82E0FA763}.Release|Any CPU.ActiveCfg = Release|Any CPU
		{49207985-FD75-4737-9A8F-BDF82E0FA763}.Release|Any CPU.Build.0 = Release|Any CPU
		{49207985-FD75-4737-9A8F-BDF82E0FA763}.Release|Mixed Platforms.ActiveCfg = Release|Any CPU
		{49207985-FD75-4737-9A8F-BDF82E0FA763}.Release|Mixed Platforms.Build.0 = Release|Any CPU
		{49207985-FD75-4737-9A8F-BDF82E0FA763}.Release|x64.ActiveCfg = Release|Any CPU
		{49207985-FD75-4737-9A8F-BDF82E0FA763}.Release|x64.Build.0 = Release|Any CPU
		{49207985-FD75-4737-9A8F-BDF82E0FA763}.Release|x86.ActiveCfg = Release|Any CPU
		{86E1EB46-C1AF-43D4-A605-49FA6F0D737D}.Debug|Any CPU.ActiveCfg = Debug|Any CPU
		{86E1EB46-C1AF-43D4-A605-49FA6F0D737D}.Debug|Any CPU.Build.0 = Debug|Any CPU
		{86E1EB46-C1AF-43D4-A605-49FA6F0D737D}.Debug|Mixed Platforms.ActiveCfg = Debug|Any CPU
		{86E1EB46-C1AF-43D4-A605-49FA6F0D737D}.Debug|Mixed Platforms.Build.0 = Debug|Any CPU
		{86E1EB46-C1AF-43D4-A605-49FA6F0D737D}.Debug|x64.ActiveCfg = Debug|Any CPU
		{86E1EB46-C1AF-43D4-A605-49FA6F0D737D}.Debug|x86.ActiveCfg = Debug|Any CPU
		{86E1EB46-C1AF-43D4-A605-49FA6F0D737D}.Release|Any CPU.ActiveCfg = Release|Any CPU
		{86E1EB46-C1AF-43D4-A605-49FA6F0D737D}.Release|Any CPU.Build.0 = Release|Any CPU
		{86E1EB46-C1AF-43D4-A605-49FA6F0D737D}.Release|Mixed Platforms.ActiveCfg = Release|Any CPU
		{86E1EB46-C1AF-43D4-A605-49FA6F0D737D}.Release|Mixed Platforms.Build.0 = Release|Any CPU
		{86E1EB46-C1AF-43D4-A605-49FA6F0D737D}.Release|x64.ActiveCfg = Release|Any CPU
		{86E1EB46-C1AF-43D4-A605-49FA6F0D737D}.Release|x64.Build.0 = Release|Any CPU
		{86E1EB46-C1AF-43D4-A605-49FA6F0D737D}.Release|x86.ActiveCfg = Release|Any CPU
		{76D65A94-7889-4BFE-8864-57BB240670D5}.Debug|Any CPU.ActiveCfg = Debug|Any CPU
		{76D65A94-7889-4BFE-8864-57BB240670D5}.Debug|Any CPU.Build.0 = Debug|Any CPU
		{76D65A94-7889-4BFE-8864-57BB240670D5}.Debug|Mixed Platforms.ActiveCfg = Debug|Any CPU
		{76D65A94-7889-4BFE-8864-57BB240670D5}.Debug|Mixed Platforms.Build.0 = Debug|Any CPU
		{76D65A94-7889-4BFE-8864-57BB240670D5}.Debug|x64.ActiveCfg = Debug|Any CPU
		{76D65A94-7889-4BFE-8864-57BB240670D5}.Debug|x86.ActiveCfg = Debug|Any CPU
		{76D65A94-7889-4BFE-8864-57BB240670D5}.Release|Any CPU.ActiveCfg = Release|Any CPU
		{76D65A94-7889-4BFE-8864-57BB240670D5}.Release|Any CPU.Build.0 = Release|Any CPU
		{76D65A94-7889-4BFE-8864-57BB240670D5}.Release|Mixed Platforms.ActiveCfg = Release|Any CPU
		{76D65A94-7889-4BFE-8864-57BB240670D5}.Release|Mixed Platforms.Build.0 = Release|Any CPU
		{76D65A94-7889-4BFE-8864-57BB240670D5}.Release|x64.ActiveCfg = Release|Any CPU
		{76D65A94-7889-4BFE-8864-57BB240670D5}.Release|x64.Build.0 = Release|Any CPU
		{76D65A94-7889-4BFE-8864-57BB240670D5}.Release|x86.ActiveCfg = Release|Any CPU
		{7EC0F383-69F0-41A3-BD6E-E320112002E1}.Debug|Any CPU.ActiveCfg = Debug|Any CPU
		{7EC0F383-69F0-41A3-BD6E-E320112002E1}.Debug|Any CPU.Build.0 = Debug|Any CPU
		{7EC0F383-69F0-41A3-BD6E-E320112002E1}.Debug|Mixed Platforms.ActiveCfg = Debug|Any CPU
		{7EC0F383-69F0-41A3-BD6E-E320112002E1}.Debug|Mixed Platforms.Build.0 = Debug|Any CPU
		{7EC0F383-69F0-41A3-BD6E-E320112002E1}.Debug|x64.ActiveCfg = Debug|Any CPU
		{7EC0F383-69F0-41A3-BD6E-E320112002E1}.Debug|x86.ActiveCfg = Debug|Any CPU
		{7EC0F383-69F0-41A3-BD6E-E320112002E1}.Release|Any CPU.ActiveCfg = Release|Any CPU
		{7EC0F383-69F0-41A3-BD6E-E320112002E1}.Release|Any CPU.Build.0 = Release|Any CPU
		{7EC0F383-69F0-41A3-BD6E-E320112002E1}.Release|Mixed Platforms.ActiveCfg = Release|Any CPU
		{7EC0F383-69F0-41A3-BD6E-E320112002E1}.Release|Mixed Platforms.Build.0 = Release|Any CPU
		{7EC0F383-69F0-41A3-BD6E-E320112002E1}.Release|x64.ActiveCfg = Release|Any CPU
		{7EC0F383-69F0-41A3-BD6E-E320112002E1}.Release|x64.Build.0 = Release|Any CPU
		{7EC0F383-69F0-41A3-BD6E-E320112002E1}.Release|x86.ActiveCfg = Release|Any CPU
		{8C7C9064-DE48-4229-9AE5-58BA929CC0E1}.Debug|Any CPU.ActiveCfg = Debug|Any CPU
		{8C7C9064-DE48-4229-9AE5-58BA929CC0E1}.Debug|Any CPU.Build.0 = Debug|Any CPU
		{8C7C9064-DE48-4229-9AE5-58BA929CC0E1}.Debug|Mixed Platforms.ActiveCfg = Debug|Any CPU
		{8C7C9064-DE48-4229-9AE5-58BA929CC0E1}.Debug|Mixed Platforms.Build.0 = Debug|Any CPU
		{8C7C9064-DE48-4229-9AE5-58BA929CC0E1}.Debug|x64.ActiveCfg = Debug|Any CPU
		{8C7C9064-DE48-4229-9AE5-58BA929CC0E1}.Debug|x86.ActiveCfg = Debug|Any CPU
		{8C7C9064-DE48-4229-9AE5-58BA929CC0E1}.Release|Any CPU.ActiveCfg = Release|Any CPU
		{8C7C9064-DE48-4229-9AE5-58BA929CC0E1}.Release|Any CPU.Build.0 = Release|Any CPU
		{8C7C9064-DE48-4229-9AE5-58BA929CC0E1}.Release|Mixed Platforms.ActiveCfg = Release|Any CPU
		{8C7C9064-DE48-4229-9AE5-58BA929CC0E1}.Release|Mixed Platforms.Build.0 = Release|Any CPU
		{8C7C9064-DE48-4229-9AE5-58BA929CC0E1}.Release|x64.ActiveCfg = Release|Any CPU
		{8C7C9064-DE48-4229-9AE5-58BA929CC0E1}.Release|x64.Build.0 = Release|Any CPU
		{8C7C9064-DE48-4229-9AE5-58BA929CC0E1}.Release|x86.ActiveCfg = Release|Any CPU
		{20B94F91-CC9B-4EFF-B6CC-09921A8EC478}.Debug|Any CPU.ActiveCfg = Debug|Any CPU
		{20B94F91-CC9B-4EFF-B6CC-09921A8EC478}.Debug|Any CPU.Build.0 = Debug|Any CPU
		{20B94F91-CC9B-4EFF-B6CC-09921A8EC478}.Debug|Mixed Platforms.ActiveCfg = Debug|Any CPU
		{20B94F91-CC9B-4EFF-B6CC-09921A8EC478}.Debug|Mixed Platforms.Build.0 = Debug|Any CPU
		{20B94F91-CC9B-4EFF-B6CC-09921A8EC478}.Debug|x64.ActiveCfg = Debug|Any CPU
		{20B94F91-CC9B-4EFF-B6CC-09921A8EC478}.Debug|x86.ActiveCfg = Debug|Any CPU
		{20B94F91-CC9B-4EFF-B6CC-09921A8EC478}.Release|Any CPU.ActiveCfg = Release|Any CPU
		{20B94F91-CC9B-4EFF-B6CC-09921A8EC478}.Release|Any CPU.Build.0 = Release|Any CPU
		{20B94F91-CC9B-4EFF-B6CC-09921A8EC478}.Release|Mixed Platforms.ActiveCfg = Release|Any CPU
		{20B94F91-CC9B-4EFF-B6CC-09921A8EC478}.Release|Mixed Platforms.Build.0 = Release|Any CPU
		{20B94F91-CC9B-4EFF-B6CC-09921A8EC478}.Release|x64.ActiveCfg = Release|Any CPU
		{20B94F91-CC9B-4EFF-B6CC-09921A8EC478}.Release|x64.Build.0 = Release|Any CPU
		{20B94F91-CC9B-4EFF-B6CC-09921A8EC478}.Release|x86.ActiveCfg = Release|Any CPU
		{5538FD33-A3EB-4581-902A-540BD71EF540}.Debug|Any CPU.ActiveCfg = Debug|Any CPU
		{5538FD33-A3EB-4581-902A-540BD71EF540}.Debug|Any CPU.Build.0 = Debug|Any CPU
		{5538FD33-A3EB-4581-902A-540BD71EF540}.Debug|Mixed Platforms.ActiveCfg = Debug|Any CPU
		{5538FD33-A3EB-4581-902A-540BD71EF540}.Debug|Mixed Platforms.Build.0 = Debug|Any CPU
		{5538FD33-A3EB-4581-902A-540BD71EF540}.Debug|x64.ActiveCfg = Debug|Any CPU
		{5538FD33-A3EB-4581-902A-540BD71EF540}.Debug|x86.ActiveCfg = Debug|Any CPU
		{5538FD33-A3EB-4581-902A-540BD71EF540}.Release|Any CPU.ActiveCfg = Release|Any CPU
		{5538FD33-A3EB-4581-902A-540BD71EF540}.Release|Any CPU.Build.0 = Release|Any CPU
		{5538FD33-A3EB-4581-902A-540BD71EF540}.Release|Mixed Platforms.ActiveCfg = Release|Any CPU
		{5538FD33-A3EB-4581-902A-540BD71EF540}.Release|Mixed Platforms.Build.0 = Release|Any CPU
		{5538FD33-A3EB-4581-902A-540BD71EF540}.Release|x64.ActiveCfg = Release|Any CPU
		{5538FD33-A3EB-4581-902A-540BD71EF540}.Release|x64.Build.0 = Release|Any CPU
		{5538FD33-A3EB-4581-902A-540BD71EF540}.Release|x86.ActiveCfg = Release|Any CPU
		{29BCD7DC-7609-46A6-93A8-354640768AA8}.Debug|Any CPU.ActiveCfg = Debug|Any CPU
		{29BCD7DC-7609-46A6-93A8-354640768AA8}.Debug|Any CPU.Build.0 = Debug|Any CPU
		{29BCD7DC-7609-46A6-93A8-354640768AA8}.Debug|Mixed Platforms.ActiveCfg = Debug|Any CPU
		{29BCD7DC-7609-46A6-93A8-354640768AA8}.Debug|Mixed Platforms.Build.0 = Debug|Any CPU
		{29BCD7DC-7609-46A6-93A8-354640768AA8}.Debug|x64.ActiveCfg = Debug|Any CPU
		{29BCD7DC-7609-46A6-93A8-354640768AA8}.Debug|x86.ActiveCfg = Debug|Any CPU
		{29BCD7DC-7609-46A6-93A8-354640768AA8}.Release|Any CPU.ActiveCfg = Release|Any CPU
		{29BCD7DC-7609-46A6-93A8-354640768AA8}.Release|Any CPU.Build.0 = Release|Any CPU
		{29BCD7DC-7609-46A6-93A8-354640768AA8}.Release|Mixed Platforms.ActiveCfg = Release|Any CPU
		{29BCD7DC-7609-46A6-93A8-354640768AA8}.Release|Mixed Platforms.Build.0 = Release|Any CPU
		{29BCD7DC-7609-46A6-93A8-354640768AA8}.Release|x64.ActiveCfg = Release|Any CPU
		{29BCD7DC-7609-46A6-93A8-354640768AA8}.Release|x64.Build.0 = Release|Any CPU
		{29BCD7DC-7609-46A6-93A8-354640768AA8}.Release|x86.ActiveCfg = Release|Any CPU
		{266967B6-F300-48EE-8405-513BDA81C699}.Debug|Any CPU.ActiveCfg = Debug|Any CPU
		{266967B6-F300-48EE-8405-513BDA81C699}.Debug|Any CPU.Build.0 = Debug|Any CPU
		{266967B6-F300-48EE-8405-513BDA81C699}.Debug|Mixed Platforms.ActiveCfg = Debug|Any CPU
		{266967B6-F300-48EE-8405-513BDA81C699}.Debug|Mixed Platforms.Build.0 = Debug|Any CPU
		{266967B6-F300-48EE-8405-513BDA81C699}.Debug|x64.ActiveCfg = Debug|Any CPU
		{266967B6-F300-48EE-8405-513BDA81C699}.Debug|x86.ActiveCfg = Debug|Any CPU
		{266967B6-F300-48EE-8405-513BDA81C699}.Release|Any CPU.ActiveCfg = Release|Any CPU
		{266967B6-F300-48EE-8405-513BDA81C699}.Release|Any CPU.Build.0 = Release|Any CPU
		{266967B6-F300-48EE-8405-513BDA81C699}.Release|Mixed Platforms.ActiveCfg = Release|Any CPU
		{266967B6-F300-48EE-8405-513BDA81C699}.Release|Mixed Platforms.Build.0 = Release|Any CPU
		{266967B6-F300-48EE-8405-513BDA81C699}.Release|x64.ActiveCfg = Release|Any CPU
		{266967B6-F300-48EE-8405-513BDA81C699}.Release|x64.Build.0 = Release|Any CPU
		{266967B6-F300-48EE-8405-513BDA81C699}.Release|x86.ActiveCfg = Release|Any CPU
		{38E45313-16D9-4CF1-99B5-0B5448124BB3}.Debug|Any CPU.ActiveCfg = Debug|Any CPU
		{38E45313-16D9-4CF1-99B5-0B5448124BB3}.Debug|Any CPU.Build.0 = Debug|Any CPU
		{38E45313-16D9-4CF1-99B5-0B5448124BB3}.Debug|Mixed Platforms.ActiveCfg = Debug|Any CPU
		{38E45313-16D9-4CF1-99B5-0B5448124BB3}.Debug|Mixed Platforms.Build.0 = Debug|Any CPU
		{38E45313-16D9-4CF1-99B5-0B5448124BB3}.Debug|x64.ActiveCfg = Debug|Any CPU
		{38E45313-16D9-4CF1-99B5-0B5448124BB3}.Debug|x86.ActiveCfg = Debug|Any CPU
		{38E45313-16D9-4CF1-99B5-0B5448124BB3}.Release|Any CPU.ActiveCfg = Release|Any CPU
		{38E45313-16D9-4CF1-99B5-0B5448124BB3}.Release|Any CPU.Build.0 = Release|Any CPU
		{38E45313-16D9-4CF1-99B5-0B5448124BB3}.Release|Mixed Platforms.ActiveCfg = Release|Any CPU
		{38E45313-16D9-4CF1-99B5-0B5448124BB3}.Release|Mixed Platforms.Build.0 = Release|Any CPU
		{38E45313-16D9-4CF1-99B5-0B5448124BB3}.Release|x64.ActiveCfg = Release|Any CPU
		{38E45313-16D9-4CF1-99B5-0B5448124BB3}.Release|x64.Build.0 = Release|Any CPU
		{38E45313-16D9-4CF1-99B5-0B5448124BB3}.Release|x86.ActiveCfg = Release|Any CPU
		{9E5B48C0-DBCB-4DE1-BDC9-648801B2BCBF}.Debug|Any CPU.ActiveCfg = Debug|Any CPU
		{9E5B48C0-DBCB-4DE1-BDC9-648801B2BCBF}.Debug|Any CPU.Build.0 = Debug|Any CPU
		{9E5B48C0-DBCB-4DE1-BDC9-648801B2BCBF}.Debug|Mixed Platforms.ActiveCfg = Debug|Any CPU
		{9E5B48C0-DBCB-4DE1-BDC9-648801B2BCBF}.Debug|Mixed Platforms.Build.0 = Debug|Any CPU
		{9E5B48C0-DBCB-4DE1-BDC9-648801B2BCBF}.Debug|x64.ActiveCfg = Debug|Any CPU
		{9E5B48C0-DBCB-4DE1-BDC9-648801B2BCBF}.Debug|x86.ActiveCfg = Debug|Any CPU
		{9E5B48C0-DBCB-4DE1-BDC9-648801B2BCBF}.Release|Any CPU.ActiveCfg = Release|Any CPU
		{9E5B48C0-DBCB-4DE1-BDC9-648801B2BCBF}.Release|Any CPU.Build.0 = Release|Any CPU
		{9E5B48C0-DBCB-4DE1-BDC9-648801B2BCBF}.Release|Mixed Platforms.ActiveCfg = Release|Any CPU
		{9E5B48C0-DBCB-4DE1-BDC9-648801B2BCBF}.Release|Mixed Platforms.Build.0 = Release|Any CPU
		{9E5B48C0-DBCB-4DE1-BDC9-648801B2BCBF}.Release|x64.ActiveCfg = Release|Any CPU
		{9E5B48C0-DBCB-4DE1-BDC9-648801B2BCBF}.Release|x64.Build.0 = Release|Any CPU
		{9E5B48C0-DBCB-4DE1-BDC9-648801B2BCBF}.Release|x86.ActiveCfg = Release|Any CPU
		{5B59D831-D101-475B-9649-DE1ABF185966}.Debug|Any CPU.ActiveCfg = Debug|Any CPU
		{5B59D831-D101-475B-9649-DE1ABF185966}.Debug|Any CPU.Build.0 = Debug|Any CPU
		{5B59D831-D101-475B-9649-DE1ABF185966}.Debug|Mixed Platforms.ActiveCfg = Debug|Any CPU
		{5B59D831-D101-475B-9649-DE1ABF185966}.Debug|Mixed Platforms.Build.0 = Debug|Any CPU
		{5B59D831-D101-475B-9649-DE1ABF185966}.Debug|x64.ActiveCfg = Debug|Any CPU
		{5B59D831-D101-475B-9649-DE1ABF185966}.Debug|x86.ActiveCfg = Debug|Any CPU
		{5B59D831-D101-475B-9649-DE1ABF185966}.Release|Any CPU.ActiveCfg = Release|Any CPU
		{5B59D831-D101-475B-9649-DE1ABF185966}.Release|Any CPU.Build.0 = Release|Any CPU
		{5B59D831-D101-475B-9649-DE1ABF185966}.Release|Mixed Platforms.ActiveCfg = Release|Any CPU
		{5B59D831-D101-475B-9649-DE1ABF185966}.Release|Mixed Platforms.Build.0 = Release|Any CPU
		{5B59D831-D101-475B-9649-DE1ABF185966}.Release|x64.ActiveCfg = Release|Any CPU
		{5B59D831-D101-475B-9649-DE1ABF185966}.Release|x86.ActiveCfg = Release|Any CPU
		{3623DCC4-59F5-4872-BA48-F226D5DF4345}.Debug|Any CPU.ActiveCfg = Debug|x86
		{3623DCC4-59F5-4872-BA48-F226D5DF4345}.Debug|Mixed Platforms.ActiveCfg = Debug|x86
		{3623DCC4-59F5-4872-BA48-F226D5DF4345}.Debug|Mixed Platforms.Build.0 = Debug|x86
		{3623DCC4-59F5-4872-BA48-F226D5DF4345}.Debug|x64.ActiveCfg = Debug|x86
		{3623DCC4-59F5-4872-BA48-F226D5DF4345}.Debug|x86.ActiveCfg = Debug|x86
		{3623DCC4-59F5-4872-BA48-F226D5DF4345}.Debug|x86.Build.0 = Debug|x86
		{3623DCC4-59F5-4872-BA48-F226D5DF4345}.Release|Any CPU.ActiveCfg = Release|x86
		{3623DCC4-59F5-4872-BA48-F226D5DF4345}.Release|Mixed Platforms.ActiveCfg = Release|x86
		{3623DCC4-59F5-4872-BA48-F226D5DF4345}.Release|Mixed Platforms.Build.0 = Release|x86
		{3623DCC4-59F5-4872-BA48-F226D5DF4345}.Release|x64.ActiveCfg = Release|x86
		{3623DCC4-59F5-4872-BA48-F226D5DF4345}.Release|x86.ActiveCfg = Release|x86
		{3623DCC4-59F5-4872-BA48-F226D5DF4345}.Release|x86.Build.0 = Release|x86
	EndGlobalSection
	GlobalSection(SolutionProperties) = preSolution
		HideSolutionNode = FALSE
	EndGlobalSection
EndGlobal
